
Microsoft Visual Studio Solution File, Format Version 12.00
# Visual Studio Version 17
VisualStudioVersion = 17.11.35219.272
MinimumVisualStudioVersion = 10.0.40219.1
Project("{FAE04EC0-301F-11D3-BF4B-00C04F79EFBC}") = "PirateBackend", "PirateBackend\PirateBackend.csproj", "{425060CD-1CC6-492A-9EFE-A912D4C58E1C}"
EndProject
Global
	GlobalSection(SolutionConfigurationPlatforms) = preSolution
		Debug|Any CPU = Debug|Any CPU
		Release|Any CPU = Release|Any CPU
	EndGlobalSection
	GlobalSection(ProjectConfigurationPlatforms) = postSolution
		{425060CD-1CC6-492A-9EFE-A912D4C58E1C}.Debug|Any CPU.ActiveCfg = Debug|Any CPU
		{425060CD-1CC6-492A-9EFE-A912D4C58E1C}.Debug|Any CPU.Build.0 = Debug|Any CPU
		{425060CD-1CC6-492A-9EFE-A912D4C58E1C}.Release|Any CPU.ActiveCfg = Release|Any CPU
		{425060CD-1CC6-492A-9EFE-A912D4C58E1C}.Release|Any CPU.Build.0 = Release|Any CPU
	EndGlobalSection
	GlobalSection(SolutionProperties) = preSolution
		HideSolutionNode = FALSE
	EndGlobalSection
	GlobalSection(ExtensibilityGlobals) = postSolution
		SolutionGuid = {51339E0F-FA1A-4746-864F-ACF6DBEF1426}
	EndGlobalSection
EndGlobal
